
Microsoft Visual Studio Solution File, Format Version 12.00
# Visual Studio Version 16
VisualStudioVersion = 16.0.30621.155
MinimumVisualStudioVersion = 10.0.40219.1
Project("{FAE04EC0-301F-11D3-BF4B-00C04F79EFBC}") = "SD Project", "SD Project\SD Project.csproj", "{FA3B5C59-B522-43A2-977D-EC5AC935A756}"
EndProject
Global
	GlobalSection(SolutionConfigurationPlatforms) = preSolution
		Debug|Any CPU = Debug|Any CPU
		Release|Any CPU = Release|Any CPU
	EndGlobalSection
	GlobalSection(ProjectConfigurationPlatforms) = postSolution
		{FA3B5C59-B522-43A2-977D-EC5AC935A756}.Debug|Any CPU.ActiveCfg = Debug|Any CPU
		{FA3B5C59-B522-43A2-977D-EC5AC935A756}.Debug|Any CPU.Build.0 = Debug|Any CPU
		{FA3B5C59-B522-43A2-977D-EC5AC935A756}.Release|Any CPU.ActiveCfg = Release|Any CPU
		{FA3B5C59-B522-43A2-977D-EC5AC935A756}.Release|Any CPU.Build.0 = Release|Any CPU
	EndGlobalSection
	GlobalSection(SolutionProperties) = preSolution
		HideSolutionNode = FALSE
	EndGlobalSection
	GlobalSection(ExtensibilityGlobals) = postSolution
		SolutionGuid = {9278E080-273C-45B4-931F-44459E3B0C55}
	EndGlobalSection
EndGlobal
